# This file is generated by running "yarn install" inside your project.
# Manual changes might be lost - proceed with caution!

__metadata:
  version: 6
  cacheKey: 8

"@princewill_iroka/react-native-falling-drawer@workspace:.":
  version: 0.0.0-use.local
  resolution: "@princewill_iroka/react-native-falling-drawer@workspace:."
  dependencies:
    lodash: ^4.17.4
    prop-types: ^15.6.0
    react-native-animatable: ^1.2.4
    react-native-vector-icons: ^4.4.2
    react-native-view: ^1.1.0
  languageName: unknown
  linkType: soft

"ansi-regex@npm:^2.0.0":
  version: 2.1.1
  resolution: "ansi-regex@npm:2.1.1"
  checksum: 190abd03e4ff86794f338a31795d262c1dfe8c91f7e01d04f13f646f1dcb16c5800818f886047876f1272f065570ab86b24b99089f8b68a0e11ff19aed4ca8f1
  languageName: node
  linkType: hard

"ansi-regex@npm:^3.0.0":
  version: 3.0.1
  resolution: "ansi-regex@npm:3.0.1"
  checksum: 09daf180c5f59af9850c7ac1bd7fda85ba596cc8cbeb210826e90755f06c818af86d9fa1e6e8322fab2c3b9e9b03f56c537b42241139f824dd75066a1e7257cc
  languageName: node
  linkType: hard

"camelcase@npm:^4.1.0":
  version: 4.1.0
  resolution: "camelcase@npm:4.1.0"
  checksum: 9683356daf9b64fae4b30c91f8ceb1f34f22746e03d1804efdbe738357d38b47f206cdd71efcf2ed72018b2e88eeb8ec3f79adb09c02f1253a4b6d5d405ff2ae
  languageName: node
  linkType: hard

"cliui@npm:^3.2.0":
  version: 3.2.0
  resolution: "cliui@npm:3.2.0"
  dependencies:
    string-width: ^1.0.1
    strip-ansi: ^3.0.1
    wrap-ansi: ^2.0.0
  checksum: c68d1dbc3e347bfe79ed19cc7f48007d5edd6cd8438342e32073e0b4e311e3c44e1f4f19221462bc6590de56c2df520e427533a9dde95dee25710bec322746ad
  languageName: node
  linkType: hard

"code-point-at@npm:^1.0.0":
  version: 1.1.0
  resolution: "code-point-at@npm:1.1.0"
  checksum: 17d5666611f9b16d64fdf48176d9b7fb1c7d1c1607a189f7e600040a11a6616982876af148230336adb7d8fe728a559f743a4e29db3747e3b1a32fa7f4529681
  languageName: node
  linkType: hard

"cross-spawn@npm:^5.0.1":
  version: 5.1.0
  resolution: "cross-spawn@npm:5.1.0"
  dependencies:
    lru-cache: ^4.0.1
    shebang-command: ^1.2.0
    which: ^1.2.9
  checksum: 726939c9954fc70c20e538923feaaa33bebc253247d13021737c3c7f68cdc3e0a57f720c0fe75057c0387995349f3f12e20e9bfdbf12274db28019c7ea4ec166
  languageName: node
  linkType: hard

"decamelize@npm:^1.1.1":
  version: 1.2.0
  resolution: "decamelize@npm:1.2.0"
  checksum: ad8c51a7e7e0720c70ec2eeb1163b66da03e7616d7b98c9ef43cce2416395e84c1e9548dd94f5f6ffecfee9f8b94251fc57121a8b021f2ff2469b2bae247b8aa
  languageName: node
  linkType: hard

"error-ex@npm:^1.2.0":
  version: 1.3.2
  resolution: "error-ex@npm:1.3.2"
  dependencies:
    is-arrayish: ^0.2.1
  checksum: c1c2b8b65f9c91b0f9d75f0debaa7ec5b35c266c2cac5de412c1a6de86d4cbae04ae44e510378cb14d032d0645a36925d0186f8bb7367bcc629db256b743a001
  languageName: node
  linkType: hard

"execa@npm:^0.7.0":
  version: 0.7.0
  resolution: "execa@npm:0.7.0"
  dependencies:
    cross-spawn: ^5.0.1
    get-stream: ^3.0.0
    is-stream: ^1.1.0
    npm-run-path: ^2.0.0
    p-finally: ^1.0.0
    signal-exit: ^3.0.0
    strip-eof: ^1.0.0
  checksum: dd70206d74b7217bf678ec9f04dddedc82f425df4c1d70e34c9f429d630ec407819e4bd42e3af2618981a4a3a1be000c9b651c0637be486cdab985160c20337c
  languageName: node
  linkType: hard

"find-up@npm:^2.0.0":
  version: 2.1.0
  resolution: "find-up@npm:2.1.0"
  dependencies:
    locate-path: ^2.0.0
  checksum: 43284fe4da09f89011f08e3c32cd38401e786b19226ea440b75386c1b12a4cb738c94969808d53a84f564ede22f732c8409e3cfc3f7fb5b5c32378ad0bbf28bd
  languageName: node
  linkType: hard

"function-bind@npm:^1.1.2":
  version: 1.1.2
  resolution: "function-bind@npm:1.1.2"
  checksum: 2b0ff4ce708d99715ad14a6d1f894e2a83242e4a52ccfcefaee5e40050562e5f6dafc1adbb4ce2d4ab47279a45dc736ab91ea5042d843c3c092820dfe032efb1
  languageName: node
  linkType: hard

"get-caller-file@npm:^1.0.1":
  version: 1.0.3
  resolution: "get-caller-file@npm:1.0.3"
  checksum: 2b90a7f848896abcebcdc0acc627a435bcf05b9cd280599bc980ebfcdc222416c3df12c24c4845f69adc4346728e8966f70b758f9369f3534182791dfbc25c05
  languageName: node
  linkType: hard

"get-stream@npm:^3.0.0":
  version: 3.0.0
  resolution: "get-stream@npm:3.0.0"
  checksum: 36142f46005ed74ce3a45c55545ec4e7da8e243554179e345a786baf144e5c4a35fb7bdc49fadfa9f18bd08000589b6fe364abdadfc4e1eb0e1b9914a6bb9c56
  languageName: node
  linkType: hard

"graceful-fs@npm:^4.1.2":
  version: 4.2.11
  resolution: "graceful-fs@npm:4.2.11"
  checksum: ac85f94da92d8eb6b7f5a8b20ce65e43d66761c55ce85ac96df6865308390da45a8d3f0296dd3a663de65d30ba497bd46c696cc1e248c72b13d6d567138a4fc7
  languageName: node
  linkType: hard

"hasown@npm:^2.0.2":
  version: 2.0.2
  resolution: "hasown@npm:2.0.2"
  dependencies:
    function-bind: ^1.1.2
  checksum: e8516f776a15149ca6c6ed2ae3110c417a00b62260e222590e54aa367cbcd6ed99122020b37b7fbdf05748df57b265e70095d7bf35a47660587619b15ffb93db
  languageName: node
  linkType: hard

"hosted-git-info@npm:^2.1.4":
  version: 2.8.9
  resolution: "hosted-git-info@npm:2.8.9"
  checksum: c955394bdab888a1e9bb10eb33029e0f7ce5a2ac7b3f158099dc8c486c99e73809dca609f5694b223920ca2174db33d32b12f9a2a47141dc59607c29da5a62dd
  languageName: node
  linkType: hard

"invert-kv@npm:^1.0.0":
  version: 1.0.0
  resolution: "invert-kv@npm:1.0.0"
  checksum: aebeee31dda3b3d25ffd242e9a050926e7fe5df642d60953ab183aca1a7d1ffb39922eb2618affb0e850cf2923116f0da1345367759d88d097df5da1f1e1590e
  languageName: node
  linkType: hard

"is-arrayish@npm:^0.2.1":
  version: 0.2.1
  resolution: "is-arrayish@npm:0.2.1"
  checksum: eef4417e3c10e60e2c810b6084942b3ead455af16c4509959a27e490e7aee87cfb3f38e01bbde92220b528a0ee1a18d52b787e1458ee86174d8c7f0e58cd488f
  languageName: node
  linkType: hard

"is-core-module@npm:^2.13.0":
  version: 2.15.1
  resolution: "is-core-module@npm:2.15.1"
  dependencies:
    hasown: ^2.0.2
  checksum: df134c168115690724b62018c37b2f5bba0d5745fa16960b329c5a00883a8bea6a5632fdb1e3efcce237c201826ba09f93197b7cd95577ea56b0df335be23633
  languageName: node
  linkType: hard

"is-fullwidth-code-point@npm:^1.0.0":
  version: 1.0.0
  resolution: "is-fullwidth-code-point@npm:1.0.0"
  dependencies:
    number-is-nan: ^1.0.0
  checksum: 4d46a7465a66a8aebcc5340d3b63a56602133874af576a9ca42c6f0f4bd787a743605771c5f246db77da96605fefeffb65fc1dbe862dcc7328f4b4d03edf5a57
  languageName: node
  linkType: hard

"is-fullwidth-code-point@npm:^2.0.0":
  version: 2.0.0
  resolution: "is-fullwidth-code-point@npm:2.0.0"
  checksum: eef9c6e15f68085fec19ff6a978a6f1b8f48018fd1265035552078ee945573594933b09bbd6f562553e2a241561439f1ef5339276eba68d272001343084cfab8
  languageName: node
  linkType: hard

"is-stream@npm:^1.1.0":
  version: 1.1.0
  resolution: "is-stream@npm:1.1.0"
  checksum: 063c6bec9d5647aa6d42108d4c59723d2bd4ae42135a2d4db6eadbd49b7ea05b750fd69d279e5c7c45cf9da753ad2c00d8978be354d65aa9f6bb434969c6a2ae
  languageName: node
  linkType: hard

"isexe@npm:^2.0.0":
  version: 2.0.0
  resolution: "isexe@npm:2.0.0"
  checksum: 26bf6c5480dda5161c820c5b5c751ae1e766c587b1f951ea3fcfc973bafb7831ae5b54a31a69bd670220e42e99ec154475025a468eae58ea262f813fdc8d1c62
  languageName: node
  linkType: hard

"js-tokens@npm:^3.0.0 || ^4.0.0":
  version: 4.0.0
  resolution: "js-tokens@npm:4.0.0"
  checksum: 8a95213a5a77deb6cbe94d86340e8d9ace2b93bc367790b260101d2f36a2eaf4e4e22d9fa9cf459b38af3a32fb4190e638024cf82ec95ef708680e405ea7cc78
  languageName: node
  linkType: hard

"lcid@npm:^1.0.0":
  version: 1.0.0
  resolution: "lcid@npm:1.0.0"
  dependencies:
    invert-kv: ^1.0.0
  checksum: e8c7a4db07663068c5c44b650938a2bc41aa992037eebb69376214320f202c1250e70b50c32f939e28345fd30c2d35b8e8cd9a19d5932c398246a864ce54843d
  languageName: node
  linkType: hard

"load-json-file@npm:^2.0.0":
  version: 2.0.0
  resolution: "load-json-file@npm:2.0.0"
  dependencies:
    graceful-fs: ^4.1.2
    parse-json: ^2.2.0
    pify: ^2.0.0
    strip-bom: ^3.0.0
  checksum: 7f212bbf08a8c9aab087ead07aa220d1f43d83ec1c4e475a00a8d9bf3014eb29ebe901db8554627dcfb70184c274d05b7379f1e9678fe8297ae74dc495212049
  languageName: node
  linkType: hard

"locate-path@npm:^2.0.0":
  version: 2.0.0
  resolution: "locate-path@npm:2.0.0"
  dependencies:
    p-locate: ^2.0.0
    path-exists: ^3.0.0
  checksum: 02d581edbbbb0fa292e28d96b7de36b5b62c2fa8b5a7e82638ebb33afa74284acf022d3b1e9ae10e3ffb7658fbc49163fcd5e76e7d1baaa7801c3e05a81da755
  languageName: node
  linkType: hard

"lodash@npm:^4.0.0, lodash@npm:^4.17.4":
  version: 4.17.21
  resolution: "lodash@npm:4.17.21"
  checksum: eb835a2e51d381e561e508ce932ea50a8e5a68f4ebdd771ea240d3048244a8d13658acbd502cd4829768c56f2e16bdd4340b9ea141297d472517b83868e677f7
  languageName: node
  linkType: hard

"loose-envify@npm:^1.4.0":
  version: 1.4.0
  resolution: "loose-envify@npm:1.4.0"
  dependencies:
    js-tokens: ^3.0.0 || ^4.0.0
  bin:
    loose-envify: cli.js
  checksum: 6517e24e0cad87ec9888f500c5b5947032cdfe6ef65e1c1936a0c48a524b81e65542c9c3edc91c97d5bddc806ee2a985dbc79be89215d613b1de5db6d1cfe6f4
  languageName: node
  linkType: hard

"lru-cache@npm:^4.0.1":
  version: 4.1.5
  resolution: "lru-cache@npm:4.1.5"
  dependencies:
    pseudomap: ^1.0.2
    yallist: ^2.1.2
  checksum: 4bb4b58a36cd7dc4dcec74cbe6a8f766a38b7426f1ff59d4cf7d82a2aa9b9565cd1cb98f6ff60ce5cd174524868d7bc9b7b1c294371851356066ca9ac4cf135a
  languageName: node
  linkType: hard

"mem@npm:^1.1.0":
  version: 1.1.0
  resolution: "mem@npm:1.1.0"
  dependencies:
    mimic-fn: ^1.0.0
  checksum: 2fbcc5741bc4125b6484c271ddd9902ca62662731d322808a0f68ff7cc603f270479bb4d733cf8686e59b7eff85f019a23af14767765a306ac74183da6e2e3a3
  languageName: node
  linkType: hard

"mimic-fn@npm:^1.0.0":
  version: 1.2.0
  resolution: "mimic-fn@npm:1.2.0"
  checksum: 69c08205156a1f4906d9c46f9b4dc08d18a50176352e77fdeb645cedfe9f20c0b19865d465bd2dec27a5c432347f24dc07fc3695e11159d193f892834233e939
  languageName: node
  linkType: hard

"normalize-package-data@npm:^2.3.2":
  version: 2.5.0
  resolution: "normalize-package-data@npm:2.5.0"
  dependencies:
    hosted-git-info: ^2.1.4
    resolve: ^1.10.0
    semver: 2 || 3 || 4 || 5
    validate-npm-package-license: ^3.0.1
  checksum: 7999112efc35a6259bc22db460540cae06564aa65d0271e3bdfa86876d08b0e578b7b5b0028ee61b23f1cae9fc0e7847e4edc0948d3068a39a2a82853efc8499
  languageName: node
  linkType: hard

"npm-run-path@npm:^2.0.0":
  version: 2.0.2
  resolution: "npm-run-path@npm:2.0.2"
  dependencies:
    path-key: ^2.0.0
  checksum: acd5ad81648ba4588ba5a8effb1d98d2b339d31be16826a118d50f182a134ac523172101b82eab1d01cb4c2ba358e857d54cfafd8163a1ffe7bd52100b741125
  languageName: node
  linkType: hard

"number-is-nan@npm:^1.0.0":
  version: 1.0.1
  resolution: "number-is-nan@npm:1.0.1"
  checksum: 13656bc9aa771b96cef209ffca31c31a03b507ca6862ba7c3f638a283560620d723d52e626d57892c7fff475f4c36ac07f0600f14544692ff595abff214b9ffb
  languageName: node
  linkType: hard

"object-assign@npm:^4.1.1":
  version: 4.1.1
  resolution: "object-assign@npm:4.1.1"
  checksum: fcc6e4ea8c7fe48abfbb552578b1c53e0d194086e2e6bbbf59e0a536381a292f39943c6e9628af05b5528aa5e3318bb30d6b2e53cadaf5b8fe9e12c4b69af23f
  languageName: node
  linkType: hard

"os-locale@npm:^2.0.0":
  version: 2.1.0
  resolution: "os-locale@npm:2.1.0"
  dependencies:
    execa: ^0.7.0
    lcid: ^1.0.0
    mem: ^1.1.0
  checksum: 72ec8b18d037c27355075accc23869ba4613027a314f7f56fc7b98dfc1eef6096b454e351b4c735e594d66250709d65f63d3d6bf44964f2ee47b5123dcbfca63
  languageName: node
  linkType: hard

"p-finally@npm:^1.0.0":
  version: 1.0.0
  resolution: "p-finally@npm:1.0.0"
  checksum: 93a654c53dc805dd5b5891bab16eb0ea46db8f66c4bfd99336ae929323b1af2b70a8b0654f8f1eae924b2b73d037031366d645f1fd18b3d30cbd15950cc4b1d4
  languageName: node
  linkType: hard

"p-limit@npm:^1.1.0":
  version: 1.3.0
  resolution: "p-limit@npm:1.3.0"
  dependencies:
    p-try: ^1.0.0
  checksum: 281c1c0b8c82e1ac9f81acd72a2e35d402bf572e09721ce5520164e9de07d8274451378a3470707179ad13240535558f4b277f02405ad752e08c7d5b0d54fbfd
  languageName: node
  linkType: hard

"p-locate@npm:^2.0.0":
  version: 2.0.0
  resolution: "p-locate@npm:2.0.0"
  dependencies:
    p-limit: ^1.1.0
  checksum: e2dceb9b49b96d5513d90f715780f6f4972f46987dc32a0e18bc6c3fc74a1a5d73ec5f81b1398af5e58b99ea1ad03fd41e9181c01fa81b4af2833958696e3081
  languageName: node
  linkType: hard

"p-try@npm:^1.0.0":
  version: 1.0.0
  resolution: "p-try@npm:1.0.0"
  checksum: 3b5303f77eb7722144154288bfd96f799f8ff3e2b2b39330efe38db5dd359e4fb27012464cd85cb0a76e9b7edd1b443568cb3192c22e7cffc34989df0bafd605
  languageName: node
  linkType: hard

"parse-json@npm:^2.2.0":
  version: 2.2.0
  resolution: "parse-json@npm:2.2.0"
  dependencies:
    error-ex: ^1.2.0
  checksum: dda78a63e57a47b713a038630868538f718a7ca0cd172a36887b0392ccf544ed0374902eb28f8bf3409e8b71d62b79d17062f8543afccf2745f9b0b2d2bb80ca
  languageName: node
  linkType: hard

"path-exists@npm:^3.0.0":
  version: 3.0.0
  resolution: "path-exists@npm:3.0.0"
  checksum: 96e92643aa34b4b28d0de1cd2eba52a1c5313a90c6542d03f62750d82480e20bfa62bc865d5cfc6165f5fcd5aeb0851043c40a39be5989646f223300021bae0a
  languageName: node
  linkType: hard

"path-key@npm:^2.0.0":
  version: 2.0.1
  resolution: "path-key@npm:2.0.1"
  checksum: f7ab0ad42fe3fb8c7f11d0c4f849871e28fbd8e1add65c370e422512fc5887097b9cf34d09c1747d45c942a8c1e26468d6356e2df3f740bf177ab8ca7301ebfd
  languageName: node
  linkType: hard

"path-parse@npm:^1.0.7":
  version: 1.0.7
  resolution: "path-parse@npm:1.0.7"
  checksum: 49abf3d81115642938a8700ec580da6e830dde670be21893c62f4e10bd7dd4c3742ddc603fe24f898cba7eb0c6bc1777f8d9ac14185d34540c6d4d80cd9cae8a
  languageName: node
  linkType: hard

"path-type@npm:^2.0.0":
  version: 2.0.0
  resolution: "path-type@npm:2.0.0"
  dependencies:
    pify: ^2.0.0
  checksum: 749dc0c32d4ebe409da155a0022f9be3d08e6fd276adb3dfa27cb2486519ab2aa277d1453b3fde050831e0787e07b0885a75653fefcc82d883753c5b91121b1c
  languageName: node
  linkType: hard

"pify@npm:^2.0.0":
  version: 2.3.0
  resolution: "pify@npm:2.3.0"
  checksum: 9503aaeaf4577acc58642ad1d25c45c6d90288596238fb68f82811c08104c800e5a7870398e9f015d82b44ecbcbef3dc3d4251a1cbb582f6e5959fe09884b2ba
  languageName: node
  linkType: hard

"prop-types@npm:^15.5.10, prop-types@npm:^15.6.0, prop-types@npm:^15.8.1":
  version: 15.8.1
  resolution: "prop-types@npm:15.8.1"
  dependencies:
    loose-envify: ^1.4.0
    object-assign: ^4.1.1
    react-is: ^16.13.1
  checksum: c056d3f1c057cb7ff8344c645450e14f088a915d078dcda795041765047fa080d38e5d626560ccaac94a4e16e3aa15f3557c1a9a8d1174530955e992c675e459
  languageName: node
  linkType: hard

"pseudomap@npm:^1.0.2":
  version: 1.0.2
  resolution: "pseudomap@npm:1.0.2"
  checksum: 856c0aae0ff2ad60881168334448e898ad7a0e45fe7386d114b150084254c01e200c957cf378378025df4e052c7890c5bd933939b0e0d2ecfcc1dc2f0b2991f5
  languageName: node
  linkType: hard

"react-is@npm:^16.13.1":
  version: 16.13.1
  resolution: "react-is@npm:16.13.1"
  checksum: f7a19ac3496de32ca9ae12aa030f00f14a3d45374f1ceca0af707c831b2a6098ef0d6bdae51bd437b0a306d7f01d4677fcc8de7c0d331eb47ad0f46130e53c5f
  languageName: node
  linkType: hard

"react-native-animatable@npm:^1.2.4":
  version: 1.4.0
  resolution: "react-native-animatable@npm:1.4.0"
  dependencies:
    prop-types: ^15.8.1
  checksum: a1b211aff745b97351d78643d641fa298f7d71524eaf22fee8a69257ce52e85d6b3caf8e7fd26a521af34984fba7402b7c632c35ea69d618769387d1dcb6b32a
  languageName: node
  linkType: hard

"react-native-vector-icons@npm:^4.4.2":
  version: 4.6.0
  resolution: "react-native-vector-icons@npm:4.6.0"
  dependencies:
    lodash: ^4.0.0
    prop-types: ^15.5.10
    yargs: ^8.0.2
  bin:
    generate-icon: ./bin/generate-icon.js
  checksum: 7b343fa1ceb9850b000fa0570a9bfb2c506ed3e9f88b07b440a2ab49fbc43911f4762fef61b935afbeb47daa4ef3df7de83b263dcbf63d4a9d7a61bacf567694
  languageName: node
  linkType: hard

"react-native-view@npm:^1.1.0":
  version: 1.1.0
  resolution: "react-native-view@npm:1.1.0"
  checksum: 1d91500dcb017adfcffa9700d1ebf902fdae2638775971e7cea72afdc89bf592c34e15cd79de2d7e549b13969cc98badb82f4c5a5c913dae9e76c40bda802168
  languageName: node
  linkType: hard

"read-pkg-up@npm:^2.0.0":
  version: 2.0.0
  resolution: "read-pkg-up@npm:2.0.0"
  dependencies:
    find-up: ^2.0.0
    read-pkg: ^2.0.0
  checksum: 22f9026fb72219ecd165f94f589461c70a88461dc7ea0d439a310ef2a5271ff176a4df4e5edfad087d8ac89b8553945eb209476b671e8ed081c990f30fc40b27
  languageName: node
  linkType: hard

"read-pkg@npm:^2.0.0":
  version: 2.0.0
  resolution: "read-pkg@npm:2.0.0"
  dependencies:
    load-json-file: ^2.0.0
    normalize-package-data: ^2.3.2
    path-type: ^2.0.0
  checksum: 85c5bf35f2d96acdd756151ba83251831bb2b1040b7d96adce70b2cb119b5320417f34876de0929f2d06c67f3df33ef4636427df3533913876f9ef2487a6f48f
  languageName: node
  linkType: hard

"require-directory@npm:^2.1.1":
  version: 2.1.1
  resolution: "require-directory@npm:2.1.1"
  checksum: fb47e70bf0001fdeabdc0429d431863e9475e7e43ea5f94ad86503d918423c1543361cc5166d713eaa7029dd7a3d34775af04764bebff99ef413111a5af18c80
  languageName: node
  linkType: hard

"require-main-filename@npm:^1.0.1":
  version: 1.0.1
  resolution: "require-main-filename@npm:1.0.1"
  checksum: 1fef30754da961f4e13c450c3eb60c7ae898a529c6ad6fa708a70bd2eed01564ceb299187b2899f5562804d797a059f39a5789884d0ac7b7ae1defc68fba4abf
  languageName: node
  linkType: hard

"resolve@npm:^1.10.0":
  version: 1.22.8
  resolution: "resolve@npm:1.22.8"
  dependencies:
    is-core-module: ^2.13.0
    path-parse: ^1.0.7
    supports-preserve-symlinks-flag: ^1.0.0
  bin:
    resolve: bin/resolve
  checksum: f8a26958aa572c9b064562750b52131a37c29d072478ea32e129063e2da7f83e31f7f11e7087a18225a8561cfe8d2f0df9dbea7c9d331a897571c0a2527dbb4c
  languageName: node
  linkType: hard

"resolve@patch:resolve@^1.10.0#~builtin<compat/resolve>":
  version: 1.22.8
  resolution: "resolve@patch:resolve@npm%3A1.22.8#~builtin<compat/resolve>::version=1.22.8&hash=c3c19d"
  dependencies:
    is-core-module: ^2.13.0
    path-parse: ^1.0.7
    supports-preserve-symlinks-flag: ^1.0.0
  bin:
    resolve: bin/resolve
  checksum: 5479b7d431cacd5185f8db64bfcb7286ae5e31eb299f4c4f404ad8aa6098b77599563ac4257cb2c37a42f59dfc06a1bec2bcf283bb448f319e37f0feb9a09847
  languageName: node
  linkType: hard

"semver@npm:2 || 3 || 4 || 5":
  version: 5.7.2
  resolution: "semver@npm:5.7.2"
  bin:
    semver: bin/semver
  checksum: fb4ab5e0dd1c22ce0c937ea390b4a822147a9c53dbd2a9a0132f12fe382902beef4fbf12cf51bb955248d8d15874ce8cd89532569756384f994309825f10b686
  languageName: node
  linkType: hard

"set-blocking@npm:^2.0.0":
  version: 2.0.0
  resolution: "set-blocking@npm:2.0.0"
  checksum: 6e65a05f7cf7ebdf8b7c75b101e18c0b7e3dff4940d480efed8aad3a36a4005140b660fa1d804cb8bce911cac290441dc728084a30504d3516ac2ff7ad607b02
  languageName: node
  linkType: hard

"shebang-command@npm:^1.2.0":
  version: 1.2.0
  resolution: "shebang-command@npm:1.2.0"
  dependencies:
    shebang-regex: ^1.0.0
  checksum: 9eed1750301e622961ba5d588af2212505e96770ec376a37ab678f965795e995ade7ed44910f5d3d3cb5e10165a1847f52d3348c64e146b8be922f7707958908
  languageName: node
  linkType: hard

"shebang-regex@npm:^1.0.0":
  version: 1.0.0
  resolution: "shebang-regex@npm:1.0.0"
  checksum: 404c5a752cd40f94591dfd9346da40a735a05139dac890ffc229afba610854d8799aaa52f87f7e0c94c5007f2c6af55bdcaeb584b56691926c5eaf41dc8f1372
  languageName: node
  linkType: hard

"signal-exit@npm:^3.0.0":
  version: 3.0.7
  resolution: "signal-exit@npm:3.0.7"
  checksum: a2f098f247adc367dffc27845853e9959b9e88b01cb301658cfe4194352d8d2bb32e18467c786a7fe15f1d44b233ea35633d076d5e737870b7139949d1ab6318
  languageName: node
  linkType: hard

"spdx-correct@npm:^3.0.0":
  version: 3.2.0
  resolution: "spdx-correct@npm:3.2.0"
  dependencies:
    spdx-expression-parse: ^3.0.0
    spdx-license-ids: ^3.0.0
  checksum: e9ae98d22f69c88e7aff5b8778dc01c361ef635580e82d29e5c60a6533cc8f4d820803e67d7432581af0cc4fb49973125076ee3b90df191d153e223c004193b2
  languageName: node
  linkType: hard

"spdx-exceptions@npm:^2.1.0":
  version: 2.5.0
  resolution: "spdx-exceptions@npm:2.5.0"
  checksum: bb127d6e2532de65b912f7c99fc66097cdea7d64c10d3ec9b5e96524dbbd7d20e01cba818a6ddb2ae75e62bb0c63d5e277a7e555a85cbc8ab40044984fa4ae15
  languageName: node
  linkType: hard

"spdx-expression-parse@npm:^3.0.0":
  version: 3.0.1
  resolution: "spdx-expression-parse@npm:3.0.1"
  dependencies:
    spdx-exceptions: ^2.1.0
    spdx-license-ids: ^3.0.0
  checksum: a1c6e104a2cbada7a593eaa9f430bd5e148ef5290d4c0409899855ce8b1c39652bcc88a725259491a82601159d6dc790bedefc9016c7472f7de8de7361f8ccde
  languageName: node
  linkType: hard

"spdx-license-ids@npm:^3.0.0":
  version: 3.0.20
  resolution: "spdx-license-ids@npm:3.0.20"
  checksum: 0c57750bedbcff48f3d0e266fbbdaf0aab54217e182f669542ffe0b5a902dce69e8cdfa126a131e1ddd39a9bef4662e357b2b41315d7240b4a28c0a7e782bb40
  languageName: node
  linkType: hard

"string-width@npm:^1.0.1":
  version: 1.0.2
  resolution: "string-width@npm:1.0.2"
  dependencies:
    code-point-at: ^1.0.0
    is-fullwidth-code-point: ^1.0.0
    strip-ansi: ^3.0.0
  checksum: 5c79439e95bc3bd7233a332c5f5926ab2ee90b23816ed4faa380ce3b2576d7800b0a5bb15ae88ed28737acc7ea06a518c2eef39142dd727adad0e45c776cd37e
  languageName: node
  linkType: hard

"string-width@npm:^2.0.0":
  version: 2.1.1
  resolution: "string-width@npm:2.1.1"
  dependencies:
    is-fullwidth-code-point: ^2.0.0
    strip-ansi: ^4.0.0
  checksum: d6173abe088c615c8dffaf3861dc5d5906ed3dc2d6fd67ff2bd2e2b5dce7fd683c5240699cf0b1b8aa679a3b3bd6b28b5053c824cb89b813d7f6541d8f89064a
  languageName: node
  linkType: hard

"strip-ansi@npm:^3.0.0, strip-ansi@npm:^3.0.1":
  version: 3.0.1
  resolution: "strip-ansi@npm:3.0.1"
  dependencies:
    ansi-regex: ^2.0.0
  checksum: 9b974de611ce5075c70629c00fa98c46144043db92ae17748fb780f706f7a789e9989fd10597b7c2053ae8d1513fd707816a91f1879b2f71e6ac0b6a863db465
  languageName: node
  linkType: hard

"strip-ansi@npm:^4.0.0":
  version: 4.0.0
  resolution: "strip-ansi@npm:4.0.0"
  dependencies:
    ansi-regex: ^3.0.0
  checksum: d9186e6c0cf78f25274f6750ee5e4a5725fb91b70fdd79aa5fe648eab092a0ec5b9621b22d69d4534a56319f75d8944efbd84e3afa8d4ad1b9a9491f12c84eca
  languageName: node
  linkType: hard

"strip-bom@npm:^3.0.0":
  version: 3.0.0
  resolution: "strip-bom@npm:3.0.0"
  checksum: 8d50ff27b7ebe5ecc78f1fe1e00fcdff7af014e73cf724b46fb81ef889eeb1015fc5184b64e81a2efe002180f3ba431bdd77e300da5c6685d702780fbf0c8d5b
  languageName: node
  linkType: hard

"strip-eof@npm:^1.0.0":
  version: 1.0.0
  resolution: "strip-eof@npm:1.0.0"
  checksum: 40bc8ddd7e072f8ba0c2d6d05267b4e0a4800898c3435b5fb5f5a21e6e47dfaff18467e7aa0d1844bb5d6274c3097246595841fbfeb317e541974ee992cac506
  languageName: node
  linkType: hard

"supports-preserve-symlinks-flag@npm:^1.0.0":
  version: 1.0.0
  resolution: "supports-preserve-symlinks-flag@npm:1.0.0"
  checksum: 53b1e247e68e05db7b3808b99b892bd36fb096e6fba213a06da7fab22045e97597db425c724f2bbd6c99a3c295e1e73f3e4de78592289f38431049e1277ca0ae
  languageName: node
  linkType: hard

"validate-npm-package-license@npm:^3.0.1":
  version: 3.0.4
  resolution: "validate-npm-package-license@npm:3.0.4"
  dependencies:
    spdx-correct: ^3.0.0
    spdx-expression-parse: ^3.0.0
  checksum: 35703ac889d419cf2aceef63daeadbe4e77227c39ab6287eeb6c1b36a746b364f50ba22e88591f5d017bc54685d8137bc2d328d0a896e4d3fd22093c0f32a9ad
  languageName: node
  linkType: hard

"which-module@npm:^2.0.0":
  version: 2.0.1
  resolution: "which-module@npm:2.0.1"
  checksum: 1967b7ce17a2485544a4fdd9063599f0f773959cca24176dbe8f405e55472d748b7c549cd7920ff6abb8f1ab7db0b0f1b36de1a21c57a8ff741f4f1e792c52be
  languageName: node
  linkType: hard

"which@npm:^1.2.9":
  version: 1.3.1
  resolution: "which@npm:1.3.1"
  dependencies:
    isexe: ^2.0.0
  bin:
    which: ./bin/which
  checksum: f2e185c6242244b8426c9df1510e86629192d93c1a986a7d2a591f2c24869e7ffd03d6dac07ca863b2e4c06f59a4cc9916c585b72ee9fa1aa609d0124df15e04
  languageName: node
  linkType: hard

"wrap-ansi@npm:^2.0.0":
  version: 2.1.0
  resolution: "wrap-ansi@npm:2.1.0"
  dependencies:
    string-width: ^1.0.1
    strip-ansi: ^3.0.1
  checksum: 2dacd4b3636f7a53ee13d4d0fe7fa2ed9ad81e9967e17231924ea88a286ec4619a78288de8d41881ee483f4449ab2c0287cde8154ba1bd0126c10271101b2ee3
  languageName: node
  linkType: hard

"y18n@npm:^3.2.1":
  version: 3.2.2
  resolution: "y18n@npm:3.2.2"
  checksum: 6154fd7544f8bbf5b18cdf77692ed88d389be49c87238ecb4e0d6a5276446cd2a5c29cc4bdbdddfc7e4e498b08df9d7e38df4a1453cf75eecfead392246ea74a
  languageName: node
  linkType: hard

"yallist@npm:^2.1.2":
  version: 2.1.2
  resolution: "yallist@npm:2.1.2"
  checksum: 9ba99409209f485b6fcb970330908a6d41fa1c933f75e08250316cce19383179a6b70a7e0721b89672ebb6199cc377bf3e432f55100da6a7d6e11902b0a642cb
  languageName: node
  linkType: hard

"yargs-parser@npm:^7.0.0":
  version: 7.0.0
  resolution: "yargs-parser@npm:7.0.0"
  dependencies:
    camelcase: ^4.1.0
  checksum: af411d144801c374f059b9f955976891cf4ec0c0f721516a232ba0c6df59cdb2b05a5ed306aa228fdeee1da2103cd4c335e2e9c3e0d82d15477b33e6479c027c
  languageName: node
  linkType: hard

"yargs@npm:^8.0.2":
  version: 8.0.2
  resolution: "yargs@npm:8.0.2"
  dependencies:
    camelcase: ^4.1.0
    cliui: ^3.2.0
    decamelize: ^1.1.1
    get-caller-file: ^1.0.1
    os-locale: ^2.0.0
    read-pkg-up: ^2.0.0
    require-directory: ^2.1.1
    require-main-filename: ^1.0.1
    set-blocking: ^2.0.0
    string-width: ^2.0.0
    which-module: ^2.0.0
    y18n: ^3.2.1
    yargs-parser: ^7.0.0
  checksum: ee4b8a568ba00be3dad638540e4cf0b0cc809ca4d4c61ef9cb57830ee4e802178a5ca86234365398554a52452fc0921c357594e3a2d050546e3f83fcd6c8287b
  languageName: node
  linkType: hard
